{
  "version": 4,
  "terraform_version": "0.12.24",
  "serial": 105,
  "lineage": "13983b47-43f9-3702-dc16-aba96089c003",
  "outputs": {},
  "resources": [
    {
      "mode": "data",
      "type": "aws_availability_zones",
      "name": "available",
      "provider": "provider.aws",
      "instances": [
        {
          "schema_version": 0,
          "attributes": {
            "all_availability_zones": null,
            "blacklisted_names": null,
            "blacklisted_zone_ids": null,
            "filter": null,
            "group_names": [
              "us-east-2"
            ],
            "id": "2020-04-02 12:21:37.137699 +0000 UTC",
            "names": [
              "us-east-2a",
              "us-east-2b",
              "us-east-2c"
            ],
            "state": null,
            "zone_ids": [
              "use2-az1",
              "use2-az2",
              "use2-az3"
            ]
          }
        }
      ]
    },
    {
      "mode": "managed",
      "type": "aws_eip",
      "name": "forNat",
      "provider": "provider.aws",
      "instances": [
        {
          "schema_version": 0,
          "attributes": {
            "allocation_id": null,
            "associate_with_private_ip": null,
            "association_id": "",
            "domain": "vpc",
            "id": "eipalloc-08355707d2f2105c5",
            "instance": "",
            "network_interface": "",
            "private_dns": null,
            "private_ip": "",
            "public_dns": "ec2-3-14-2-176.us-east-2.compute.amazonaws.com",
            "public_ip": "3.14.2.176",
            "public_ipv4_pool": "amazon",
            "tags": null,
            "timeouts": null,
            "vpc": true
          },
          "private": "eyJlMmJmYjczMC1lY2FhLTExZTYtOGY4OC0zNDM2M2JjN2M0YzAiOnsiZGVsZXRlIjoxODAwMDAwMDAwMDAsInJlYWQiOjkwMDAwMDAwMDAwMCwidXBkYXRlIjozMDAwMDAwMDAwMDB9fQ=="
        }
      ]
    },
    {
      "mode": "managed",
      "type": "aws_instance",
      "name": "database",
      "provider": "provider.aws",
      "instances": [
        {
          "schema_version": 1,
          "attributes": {
            "ami": "ami-ea87a78f",
            "arn": "arn:aws:ec2:us-east-2:906051581288:instance/i-0f74f785a71e5b7a2",
            "associate_public_ip_address": false,
            "availability_zone": "us-east-2b",
            "cpu_core_count": 1,
            "cpu_threads_per_core": 1,
            "credit_specification": [
              {
                "cpu_credits": "standard"
              }
            ],
            "disable_api_termination": false,
            "ebs_block_device": [],
            "ebs_optimized": false,
            "ephemeral_block_device": [],
            "get_password_data": false,
            "hibernation": false,
            "host_id": null,
            "iam_instance_profile": "",
            "id": "i-0f74f785a71e5b7a2",
            "instance_initiated_shutdown_behavior": null,
            "instance_state": "running",
            "instance_type": "t2.micro",
            "ipv6_address_count": 0,
            "ipv6_addresses": [],
            "key_name": "mitko2",
            "metadata_options": [
              {
                "http_endpoint": "enabled",
                "http_put_response_hop_limit": 1,
                "http_tokens": "optional"
              }
            ],
            "monitoring": false,
            "network_interface": [],
            "network_interface_id": null,
            "password_data": "",
            "placement_group": "",
            "primary_network_interface_id": "eni-04d1eb8d8602b5c22",
            "private_dns": "ip-172-28-3-38.us-east-2.compute.internal",
            "private_ip": "172.28.3.38",
            "public_dns": "",
            "public_ip": "",
            "root_block_device": [
              {
                "delete_on_termination": true,
                "encrypted": false,
                "iops": 100,
                "kms_key_id": "",
                "volume_id": "vol-0e2bf2882242e2823",
                "volume_size": 8,
                "volume_type": "gp2"
              }
            ],
            "security_groups": [],
            "source_dest_check": true,
            "subnet_id": "subnet-070aa19849a514423",
            "tags": {
              "Name": "database"
            },
            "tenancy": "default",
            "timeouts": null,
            "user_data": "8647f337ffbd4a4216a96a988819aa775884a940",
            "user_data_base64": null,
            "volume_tags": {},
            "vpc_security_group_ids": [
              "sg-01f343091283ab8f5"
            ]
          },
          "private": "eyJlMmJmYjczMC1lY2FhLTExZTYtOGY4OC0zNDM2M2JjN2M0YzAiOnsiY3JlYXRlIjo2MDAwMDAwMDAwMDAsImRlbGV0ZSI6MTIwMDAwMDAwMDAwMCwidXBkYXRlIjo2MDAwMDAwMDAwMDB9LCJzY2hlbWFfdmVyc2lvbiI6IjEifQ==",
          "dependencies": [
            "aws_security_group.Database",
            "aws_security_group.FrontEnd",
            "aws_subnet.PrivateAZA",
            "aws_vpc.terraformmain"
          ]
        }
      ]
    },
    {
      "mode": "managed",
      "type": "aws_instance",
      "name": "phpapp",
      "provider": "provider.aws",
      "instances": [
        {
          "schema_version": 1,
          "attributes": {
            "ami": "ami-ea87a78f",
            "arn": "arn:aws:ec2:us-east-2:906051581288:instance/i-0e48f1b09ec46a209",
            "associate_public_ip_address": true,
            "availability_zone": "us-east-2a",
            "cpu_core_count": 1,
            "cpu_threads_per_core": 1,
            "credit_specification": [
              {
                "cpu_credits": "standard"
              }
            ],
            "disable_api_termination": false,
            "ebs_block_device": [],
            "ebs_optimized": false,
            "ephemeral_block_device": [],
            "get_password_data": false,
            "hibernation": false,
            "host_id": null,
            "iam_instance_profile": "",
            "id": "i-0e48f1b09ec46a209",
            "instance_initiated_shutdown_behavior": null,
            "instance_state": "running",
            "instance_type": "t2.micro",
            "ipv6_address_count": 0,
            "ipv6_addresses": [],
            "key_name": "mitko2",
            "metadata_options": [
              {
                "http_endpoint": "enabled",
                "http_put_response_hop_limit": 1,
                "http_tokens": "optional"
              }
            ],
            "monitoring": false,
            "network_interface": [],
            "network_interface_id": null,
            "password_data": "",
            "placement_group": "",
            "primary_network_interface_id": "eni-09117c66d5552ec43",
            "private_dns": "ip-172-28-0-126.us-east-2.compute.internal",
            "private_ip": "172.28.0.126",
            "public_dns": "ec2-3-135-189-135.us-east-2.compute.amazonaws.com",
            "public_ip": "3.135.189.135",
            "root_block_device": [
              {
                "delete_on_termination": true,
                "encrypted": false,
                "iops": 100,
                "kms_key_id": "",
                "volume_id": "vol-078102aab277f0c37",
                "volume_size": 8,
                "volume_type": "gp2"
              }
            ],
            "security_groups": [],
            "source_dest_check": true,
            "subnet_id": "subnet-0311dca2609888127",
            "tags": {
              "Name": "phpapp"
            },
            "tenancy": "default",
            "timeouts": null,
            "user_data": "fda97eee2e16a2114ca9f5b2063163c5e4a03a1c",
            "user_data_base64": null,
            "volume_tags": {},
            "vpc_security_group_ids": [
              "sg-0e14bb873556808f7"
            ]
          },
          "private": "eyJlMmJmYjczMC1lY2FhLTExZTYtOGY4OC0zNDM2M2JjN2M0YzAiOnsiY3JlYXRlIjo2MDAwMDAwMDAwMDAsImRlbGV0ZSI6MTIwMDAwMDAwMDAwMCwidXBkYXRlIjo2MDAwMDAwMDAwMDB9LCJzY2hlbWFfdmVyc2lvbiI6IjEifQ==",
          "dependencies": [
            "aws_security_group.FrontEnd",
            "aws_subnet.PublicAZA",
            "aws_vpc.terraformmain"
          ]
        }
      ]
    },
    {
      "mode": "managed",
      "type": "aws_internet_gateway",
      "name": "gw",
      "provider": "provider.aws",
      "instances": [
        {
          "schema_version": 0,
          "attributes": {
            "id": "igw-0c0f848bc6af3566b",
            "owner_id": "906051581288",
            "tags": {
              "Name": "internet gw terraform generated"
            },
            "vpc_id": "vpc-05792f7a9a2a961e1"
          },
          "private": "bnVsbA==",
          "dependencies": [
            "aws_vpc.terraformmain"
          ]
        }
      ]
    },
    {
      "mode": "managed",
      "type": "aws_nat_gateway",
      "name": "PublicAZA",
      "provider": "provider.aws",
      "instances": [
        {
          "schema_version": 0,
          "attributes": {
            "allocation_id": "eipalloc-08355707d2f2105c5",
            "id": "nat-0111a5d4293cd84ba",
            "network_interface_id": "eni-03963a6ba958884ed",
            "private_ip": "172.28.0.225",
            "public_ip": "3.14.2.176",
            "subnet_id": "subnet-0311dca2609888127",
            "tags": null
          },
          "private": "bnVsbA==",
          "dependencies": [
            "aws_eip.forNat",
            "aws_internet_gateway.gw",
            "aws_subnet.PublicAZA",
            "aws_vpc.terraformmain"
          ]
        }
      ]
    },
    {
      "mode": "managed",
      "type": "aws_network_acl",
      "name": "all",
      "provider": "provider.aws",
      "instances": [
        {
          "schema_version": 0,
          "attributes": {
            "egress": [
              {
                "action": "allow",
                "cidr_block": "0.0.0.0/0",
                "from_port": 0,
                "icmp_code": null,
                "icmp_type": null,
                "ipv6_cidr_block": "",
                "protocol": "-1",
                "rule_no": 2,
                "to_port": 0
              }
            ],
            "id": "acl-0bceeb9b9a695c8f5",
            "ingress": [
              {
                "action": "allow",
                "cidr_block": "0.0.0.0/0",
                "from_port": 0,
                "icmp_code": null,
                "icmp_type": null,
                "ipv6_cidr_block": "",
                "protocol": "-1",
                "rule_no": 1,
                "to_port": 0
              }
            ],
            "owner_id": "906051581288",
            "subnet_id": null,
            "subnet_ids": [],
            "tags": {
              "Name": "open acl"
            },
            "vpc_id": "vpc-05792f7a9a2a961e1"
          },
          "private": "bnVsbA==",
          "dependencies": [
            "aws_vpc.terraformmain"
          ]
        }
      ]
    },
    {
      "mode": "managed",
      "type": "aws_route53_record",
      "name": "database",
      "provider": "provider.aws",
      "instances": [
        {
          "schema_version": 2,
          "attributes": {
            "alias": [],
            "allow_overwrite": null,
            "failover_routing_policy": [],
            "fqdn": "mydatabase.linuxacademy.internal",
            "geolocation_routing_policy": [],
            "health_check_id": null,
            "id": "Z0208043312W2RETDCVK4_mydatabase.linuxacademy.internal_A",
            "latency_routing_policy": [],
            "multivalue_answer_routing_policy": null,
            "name": "mydatabase.linuxacademy.internal",
            "records": [
              "172.28.3.38"
            ],
            "set_identifier": null,
            "ttl": 300,
            "type": "A",
            "weighted_routing_policy": [],
            "zone_id": "Z0208043312W2RETDCVK4"
          },
          "private": "eyJzY2hlbWFfdmVyc2lvbiI6IjIifQ==",
          "dependencies": [
            "aws_instance.database",
            "aws_route53_zone.main",
            "aws_security_group.Database",
            "aws_security_group.FrontEnd",
            "aws_subnet.PrivateAZA",
            "aws_vpc.terraformmain"
          ]
        }
      ]
    },
    {
      "mode": "managed",
      "type": "aws_route53_zone",
      "name": "main",
      "provider": "provider.aws",
      "instances": [
        {
          "schema_version": 0,
          "attributes": {
            "comment": "Managed by terraform",
            "delegation_set_id": "",
            "force_destroy": false,
            "id": "Z0208043312W2RETDCVK4",
            "name": "linuxacademy.internal.",
            "name_servers": [
              "ns-0.awsdns-00.com.",
              "ns-1024.awsdns-00.org.",
              "ns-1536.awsdns-00.co.uk.",
              "ns-512.awsdns-00.net."
            ],
            "tags": null,
            "vpc": [
              {
                "vpc_id": "vpc-05792f7a9a2a961e1",
                "vpc_region": "us-east-2"
              }
            ],
            "vpc_id": null,
            "vpc_region": null,
            "zone_id": "Z0208043312W2RETDCVK4"
          },
          "private": "bnVsbA==",
          "dependencies": [
            "aws_vpc.terraformmain"
          ]
        }
      ]
    },
    {
      "mode": "managed",
      "type": "aws_route_table",
      "name": "private",
      "provider": "provider.aws",
      "instances": [
        {
          "schema_version": 0,
          "attributes": {
            "id": "rtb-04454232d23dfd271",
            "owner_id": "906051581288",
            "propagating_vgws": [],
            "route": [
              {
                "cidr_block": "0.0.0.0/0",
                "egress_only_gateway_id": "",
                "gateway_id": "",
                "instance_id": "",
                "ipv6_cidr_block": "",
                "nat_gateway_id": "nat-0111a5d4293cd84ba",
                "network_interface_id": "",
                "transit_gateway_id": "",
                "vpc_peering_connection_id": ""
              }
            ],
            "tags": {
              "Name": "Private"
            },
            "vpc_id": "vpc-05792f7a9a2a961e1"
          },
          "private": "bnVsbA==",
          "dependencies": [
            "aws_eip.forNat",
            "aws_internet_gateway.gw",
            "aws_nat_gateway.PublicAZA",
            "aws_subnet.PublicAZA",
            "aws_vpc.terraformmain"
          ]
        }
      ]
    },
    {
      "mode": "managed",
      "type": "aws_route_table",
      "name": "public",
      "provider": "provider.aws",
      "instances": [
        {
          "schema_version": 0,
          "attributes": {
            "id": "rtb-02142447f149446a3",
            "owner_id": "906051581288",
            "propagating_vgws": [],
            "route": [
              {
                "cidr_block": "0.0.0.0/0",
                "egress_only_gateway_id": "",
                "gateway_id": "igw-0c0f848bc6af3566b",
                "instance_id": "",
                "ipv6_cidr_block": "",
                "nat_gateway_id": "",
                "network_interface_id": "",
                "transit_gateway_id": "",
                "vpc_peering_connection_id": ""
              }
            ],
            "tags": {
              "Name": "Public"
            },
            "vpc_id": "vpc-05792f7a9a2a961e1"
          },
          "private": "bnVsbA==",
          "dependencies": [
            "aws_internet_gateway.gw",
            "aws_vpc.terraformmain"
          ]
        }
      ]
    },
    {
      "mode": "managed",
      "type": "aws_route_table_association",
      "name": "PrivateAZA",
      "provider": "provider.aws",
      "instances": [
        {
          "schema_version": 0,
          "attributes": {
            "gateway_id": null,
            "id": "rtbassoc-0fbebd5a91a78185c",
            "route_table_id": "rtb-04454232d23dfd271",
            "subnet_id": "subnet-070aa19849a514423"
          },
          "private": "bnVsbA==",
          "dependencies": [
            "aws_eip.forNat",
            "aws_internet_gateway.gw",
            "aws_nat_gateway.PublicAZA",
            "aws_route_table.private",
            "aws_subnet.PrivateAZA",
            "aws_subnet.PublicAZA",
            "aws_vpc.terraformmain"
          ]
        }
      ]
    },
    {
      "mode": "managed",
      "type": "aws_route_table_association",
      "name": "PublicAZA",
      "provider": "provider.aws",
      "instances": [
        {
          "schema_version": 0,
          "attributes": {
            "gateway_id": null,
            "id": "rtbassoc-01cee9bb23482c12b",
            "route_table_id": "rtb-02142447f149446a3",
            "subnet_id": "subnet-0311dca2609888127"
          },
          "private": "bnVsbA==",
          "dependencies": [
            "aws_internet_gateway.gw",
            "aws_route_table.public",
            "aws_subnet.PublicAZA",
            "aws_vpc.terraformmain"
          ]
        }
      ]
    },
    {
      "mode": "managed",
      "type": "aws_security_group",
      "name": "Database",
      "provider": "provider.aws",
      "instances": [
        {
          "schema_version": 1,
          "attributes": {
            "arn": "arn:aws:ec2:us-east-2:906051581288:security-group/sg-01f343091283ab8f5",
            "description": "ONLY tcp CONNECTION INBOUND",
            "egress": [
              {
                "cidr_blocks": [
                  "0.0.0.0/0"
                ],
                "description": "",
                "from_port": 0,
                "ipv6_cidr_blocks": [],
                "prefix_list_ids": [],
                "protocol": "-1",
                "security_groups": [],
                "self": false,
                "to_port": 0
              }
            ],
            "id": "sg-01f343091283ab8f5",
            "ingress": [
              {
                "cidr_blocks": [
                  "0.0.0.0/0"
                ],
                "description": "",
                "from_port": 22,
                "ipv6_cidr_blocks": [],
                "prefix_list_ids": [],
                "protocol": "tcp",
                "security_groups": [],
                "self": false,
                "to_port": 22
              },
              {
                "cidr_blocks": [],
                "description": "",
                "from_port": 3306,
                "ipv6_cidr_blocks": [],
                "prefix_list_ids": [],
                "protocol": "tcp",
                "security_groups": [
                  "sg-0e14bb873556808f7"
                ],
                "self": false,
                "to_port": 3306
              }
            ],
            "name": "Database",
            "name_prefix": null,
            "owner_id": "906051581288",
            "revoke_rules_on_delete": false,
            "tags": {
              "Name": "Database"
            },
            "timeouts": null,
            "vpc_id": "vpc-05792f7a9a2a961e1"
          },
          "private": "eyJlMmJmYjczMC1lY2FhLTExZTYtOGY4OC0zNDM2M2JjN2M0YzAiOnsiY3JlYXRlIjo2MDAwMDAwMDAwMDAsImRlbGV0ZSI6NjAwMDAwMDAwMDAwfSwic2NoZW1hX3ZlcnNpb24iOiIxIn0=",
          "dependencies": [
            "aws_security_group.FrontEnd",
            "aws_vpc.terraformmain"
          ]
        }
      ]
    },
    {
      "mode": "managed",
      "type": "aws_security_group",
      "name": "FrontEnd",
      "provider": "provider.aws",
      "instances": [
        {
          "schema_version": 1,
          "attributes": {
            "arn": "arn:aws:ec2:us-east-2:906051581288:security-group/sg-0e14bb873556808f7",
            "description": "ONLY HTTP CONNECTION INBOUD",
            "egress": [
              {
                "cidr_blocks": [
                  "0.0.0.0/0"
                ],
                "description": "",
                "from_port": 0,
                "ipv6_cidr_blocks": [],
                "prefix_list_ids": [],
                "protocol": "-1",
                "security_groups": [],
                "self": false,
                "to_port": 0
              }
            ],
            "id": "sg-0e14bb873556808f7",
            "ingress": [
              {
                "cidr_blocks": [
                  "0.0.0.0/0"
                ],
                "description": "",
                "from_port": 22,
                "ipv6_cidr_blocks": [],
                "prefix_list_ids": [],
                "protocol": "tcp",
                "security_groups": [],
                "self": false,
                "to_port": 22
              },
              {
                "cidr_blocks": [
                  "0.0.0.0/0"
                ],
                "description": "",
                "from_port": 80,
                "ipv6_cidr_blocks": [],
                "prefix_list_ids": [],
                "protocol": "tcp",
                "security_groups": [],
                "self": false,
                "to_port": 80
              }
            ],
            "name": "FrontEnd",
            "name_prefix": null,
            "owner_id": "906051581288",
            "revoke_rules_on_delete": false,
            "tags": {
              "Name": "FrontEnd"
            },
            "timeouts": null,
            "vpc_id": "vpc-05792f7a9a2a961e1"
          },
          "private": "eyJlMmJmYjczMC1lY2FhLTExZTYtOGY4OC0zNDM2M2JjN2M0YzAiOnsiY3JlYXRlIjo2MDAwMDAwMDAwMDAsImRlbGV0ZSI6NjAwMDAwMDAwMDAwfSwic2NoZW1hX3ZlcnNpb24iOiIxIn0=",
          "dependencies": [
            "aws_vpc.terraformmain"
          ]
        }
      ]
    },
    {
      "mode": "managed",
      "type": "aws_subnet",
      "name": "PrivateAZA",
      "provider": "provider.aws",
      "instances": [
        {
          "schema_version": 1,
          "attributes": {
            "arn": "arn:aws:ec2:us-east-2:906051581288:subnet/subnet-070aa19849a514423",
            "assign_ipv6_address_on_creation": false,
            "availability_zone": "us-east-2b",
            "availability_zone_id": "use2-az2",
            "cidr_block": "172.28.3.0/24",
            "id": "subnet-070aa19849a514423",
            "ipv6_cidr_block": "",
            "ipv6_cidr_block_association_id": "",
            "map_public_ip_on_launch": false,
            "owner_id": "906051581288",
            "tags": {
              "Name": "PublicAZB"
            },
            "timeouts": null,
            "vpc_id": "vpc-05792f7a9a2a961e1"
          },
          "private": "eyJlMmJmYjczMC1lY2FhLTExZTYtOGY4OC0zNDM2M2JjN2M0YzAiOnsiY3JlYXRlIjo2MDAwMDAwMDAwMDAsImRlbGV0ZSI6MTIwMDAwMDAwMDAwMH0sInNjaGVtYV92ZXJzaW9uIjoiMSJ9",
          "dependencies": [
            "aws_vpc.terraformmain"
          ]
        }
      ]
    },
    {
      "mode": "managed",
      "type": "aws_subnet",
      "name": "PublicAZA",
      "provider": "provider.aws",
      "instances": [
        {
          "schema_version": 1,
          "attributes": {
            "arn": "arn:aws:ec2:us-east-2:906051581288:subnet/subnet-0311dca2609888127",
            "assign_ipv6_address_on_creation": false,
            "availability_zone": "us-east-2a",
            "availability_zone_id": "use2-az1",
            "cidr_block": "172.28.0.0/24",
            "id": "subnet-0311dca2609888127",
            "ipv6_cidr_block": "",
            "ipv6_cidr_block_association_id": "",
            "map_public_ip_on_launch": false,
            "owner_id": "906051581288",
            "tags": {
              "Name": "PublicAZA"
            },
            "timeouts": null,
            "vpc_id": "vpc-05792f7a9a2a961e1"
          },
          "private": "eyJlMmJmYjczMC1lY2FhLTExZTYtOGY4OC0zNDM2M2JjN2M0YzAiOnsiY3JlYXRlIjo2MDAwMDAwMDAwMDAsImRlbGV0ZSI6MTIwMDAwMDAwMDAwMH0sInNjaGVtYV92ZXJzaW9uIjoiMSJ9",
          "dependencies": [
            "aws_vpc.terraformmain"
          ]
        }
      ]
    },
    {
      "mode": "managed",
      "type": "aws_vpc",
      "name": "terraformmain",
      "provider": "provider.aws",
      "instances": [
        {
          "schema_version": 1,
          "attributes": {
            "arn": "arn:aws:ec2:us-east-2:906051581288:vpc/vpc-05792f7a9a2a961e1",
            "assign_generated_ipv6_cidr_block": false,
            "cidr_block": "172.28.0.0/16",
            "default_network_acl_id": "acl-0227d56f5af098f7b",
            "default_route_table_id": "rtb-0c17a9fe1aeb59888",
            "default_security_group_id": "sg-0b6c6bb592ba5e6f4",
            "dhcp_options_id": "dopt-dd5c0cb4",
            "enable_classiclink": null,
            "enable_classiclink_dns_support": null,
            "enable_dns_hostnames": true,
            "enable_dns_support": true,
            "id": "vpc-05792f7a9a2a961e1",
            "instance_tenancy": "default",
            "ipv6_association_id": "",
            "ipv6_cidr_block": "",
            "main_route_table_id": "rtb-0c17a9fe1aeb59888",
            "owner_id": "906051581288",
            "tags": {
              "Name": "My terraform vpc"
            }
          },
          "private": "eyJzY2hlbWFfdmVyc2lvbiI6IjEifQ=="
        }
      ]
    },
    {
      "mode": "managed",
      "type": "aws_vpc_dhcp_options",
      "name": "mydhcp",
      "provider": "provider.aws",
      "instances": [
        {
          "schema_version": 0,
          "attributes": {
            "domain_name": "linuxacademy.internal",
            "domain_name_servers": [
              "AmazonProvidedDNS"
            ],
            "id": "dopt-06375d4837ac13256",
            "netbios_name_servers": null,
            "netbios_node_type": null,
            "ntp_servers": null,
            "owner_id": "906051581288",
            "tags": {
              "Name": "My internal name"
            }
          },
          "private": "bnVsbA=="
        }
      ]
    },
    {
      "mode": "managed",
      "type": "aws_vpc_dhcp_options_association",
      "name": "dns_resolver",
      "provider": "provider.aws",
      "instances": [
        {
          "schema_version": 0,
          "attributes": {
            "dhcp_options_id": "dopt-06375d4837ac13256",
            "id": "dopt-06375d4837ac13256-vpc-05792f7a9a2a961e1",
            "vpc_id": "vpc-05792f7a9a2a961e1"
          },
          "private": "bnVsbA==",
          "dependencies": [
            "aws_vpc.terraformmain",
            "aws_vpc_dhcp_options.mydhcp"
          ]
        }
      ]
    }
  ]
}
